{
  "name": "fioi-task-importer",
  "version": "1.0.0",
  "lockfileVersion": 2,
  "requires": true,
  "packages": {
    "": {
      "name": "fioi-task-importer",
      "version": "1.0.0",
      "license": "MIT",
      "dependencies": {
        "angular": "^1.8.3",
        "angular-sanitize": "^1.8.3",
        "bootstrap": "^3.4.1",
        "diff2html": "^3.4.48",
        "fontawesome-free": "^1.0.4",
        "highlight.js": "^11.10.0",
        "i18next-xhr-backend": "^1.5.1",
        "jquery": "^2.2.4",
        "jschannel": "github:yochannah/jschannel#f2bcb86",
        "ng-i18next": "^1.0.7",
        "pem-platform": "github:France-ioi/pem-platform"
      }
    },
    "node_modules/@babel/runtime": {
      "version": "7.25.6",
      "resolved": "https://registry.npmjs.org/@babel/runtime/-/runtime-7.25.6.tgz",
      "integrity": "sha512-VBj9MYyDb9tuLq7yzqjgzt6Q+IBQLrGZfdjOekyEirZPHxXWoTSGUTMrpsfi58Up73d13NfYLv8HT9vmznjzhQ==",
      "peer": true,
      "dependencies": {
        "regenerator-runtime": "^0.14.0"
      },
      "engines": {
        "node": ">=6.9.0"
      }
    },
    "node_modules/abbrev": {
      "version": "1.1.1",
      "resolved": "https://registry.npmjs.org/abbrev/-/abbrev-1.1.1.tgz",
      "integrity": "sha512-nne9/IiQ/hzIhY6pdDnbBtz7DjPTKrY00P/zvPSm5pOFkl6xuGrGnXn/VtTNNfNtAfZ9/1RtehkszU9qcTii0Q=="
    },
    "node_modules/angular": {
      "version": "1.8.3",
      "resolved": "https://registry.npmjs.org/angular/-/angular-1.8.3.tgz",
      "integrity": "sha512-5qjkWIQQVsHj4Sb5TcEs4WZWpFeVFHXwxEBHUhrny41D8UrBAd6T/6nPPAsLngJCReIOqi95W3mxdveveutpZw==",
      "deprecated": "For the actively supported Angular, see https://www.npmjs.com/package/@angular/core. AngularJS support has officially ended. For extended AngularJS support options, see https://goo.gle/angularjs-path-forward."
    },
    "node_modules/angular-sanitize": {
      "version": "1.8.3",
      "resolved": "https://registry.npmjs.org/angular-sanitize/-/angular-sanitize-1.8.3.tgz",
      "integrity": "sha512-2rxdqzlUVafUeWOwvY/FtyWk1pFTyCtzreeiTytG9m4smpuAEKaIJAjYeVwWsoV+nlTOcgpwV4W1OCmR+BQbUg==",
      "deprecated": "For the actively supported Angular, see https://www.npmjs.com/package/@angular/core. AngularJS support has officially ended. For extended AngularJS support options, see https://goo.gle/angularjs-path-forward."
    },
    "node_modules/bootstrap": {
      "version": "3.4.1",
      "resolved": "https://registry.npmjs.org/bootstrap/-/bootstrap-3.4.1.tgz",
      "integrity": "sha512-yN5oZVmRCwe5aKwzRj6736nSmKDX7pLYwsXiCj/EYmo16hODaBiT4En5btW/jhBF/seV+XMx3aYwukYC3A49DA==",
      "engines": {
        "node": ">=6"
      }
    },
    "node_modules/diff": {
      "version": "5.1.0",
      "resolved": "https://registry.npmjs.org/diff/-/diff-5.1.0.tgz",
      "integrity": "sha512-D+mk+qE8VC/PAUrlAU34N+VfXev0ghe5ywmpqrawphmVZc1bEfn56uo9qpyGp1p4xpzOHkSW4ztBd6L7Xx4ACw==",
      "engines": {
        "node": ">=0.3.1"
      }
    },
    "node_modules/diff2html": {
      "version": "3.4.48",
      "resolved": "https://registry.npmjs.org/diff2html/-/diff2html-3.4.48.tgz",
      "integrity": "sha512-1lzNSg0G0VPKZPTyi4knzV2nAWTXBy/QaWCKzDto6iEIlcuOJEG0li4bElJfpHNz+pBqPu4AcC1i9ZCo9KMUOg==",
      "dependencies": {
        "diff": "5.1.0",
        "hogan.js": "3.0.2"
      },
      "engines": {
        "node": ">=12"
      },
      "optionalDependencies": {
        "highlight.js": "11.9.0"
      }
    },
    "node_modules/diff2html/node_modules/highlight.js": {
      "version": "11.9.0",
      "resolved": "https://registry.npmjs.org/highlight.js/-/highlight.js-11.9.0.tgz",
      "integrity": "sha512-fJ7cW7fQGCYAkgv4CPfwFHrfd/cLS4Hau96JuJ+ZTOWhjnhoeN1ub1tFmALm/+lW5z4WCAuAV9bm05AP0mS6Gw==",
      "optional": true,
      "engines": {
        "node": ">=12.0.0"
      }
    },
    "node_modules/fontawesome-free": {
      "version": "1.0.4",
      "resolved": "https://registry.npmjs.org/fontawesome-free/-/fontawesome-free-1.0.4.tgz",
      "integrity": "sha512-7sX6Lbg2oQiClFFFFitJlKg20h3YTBON6rdmq3uGjNwDo8G6EjF2bfj2OjjcCUmf4OvZCgyHaXfW2JseqissLw=="
    },
    "node_modules/highlight.js": {
      "version": "11.10.0",
      "resolved": "https://registry.npmjs.org/highlight.js/-/highlight.js-11.10.0.tgz",
      "integrity": "sha512-SYVnVFswQER+zu1laSya563s+F8VDGt7o35d4utbamowvUNLLMovFqwCLSocpZTz3MgaSRA1IbqRWZv97dtErQ==",
      "engines": {
        "node": ">=12.0.0"
      }
    },
    "node_modules/hogan.js": {
      "version": "3.0.2",
      "resolved": "https://registry.npmjs.org/hogan.js/-/hogan.js-3.0.2.tgz",
      "integrity": "sha512-RqGs4wavGYJWE07t35JQccByczmNUXQT0E12ZYV1VKYu5UiAU9lsos/yBAcf840+zrUQQxgVduCR5/B8nNtibg==",
      "dependencies": {
        "mkdirp": "0.3.0",
        "nopt": "1.0.10"
      },
      "bin": {
        "hulk": "bin/hulk"
      }
    },
    "node_modules/i18next": {
      "version": "23.15.1",
      "resolved": "https://registry.npmjs.org/i18next/-/i18next-23.15.1.tgz",
      "integrity": "sha512-wB4abZ3uK7EWodYisHl/asf8UYEhrI/vj/8aoSsrj/ZDxj4/UXPOa1KvFt1Fq5hkUHquNqwFlDprmjZ8iySgYA==",
      "funding": [
        {
          "type": "individual",
          "url": "https://locize.com"
        },
        {
          "type": "individual",
          "url": "https://locize.com/i18next.html"
        },
        {
          "type": "individual",
          "url": "https://www.i18next.com/how-to/faq#i18next-is-awesome.-how-can-i-support-the-project"
        }
      ],
      "peer": true,
      "dependencies": {
        "@babel/runtime": "^7.23.2"
      }
    },
    "node_modules/i18next-xhr-backend": {
      "version": "1.5.1",
      "resolved": "https://registry.npmjs.org/i18next-xhr-backend/-/i18next-xhr-backend-1.5.1.tgz",
      "integrity": "sha512-9OLdC/9YxDvTFcgsH5t2BHCODHEotHCa6h7Ly0EUlUC7Y2GS09UeoHOGj3gWKQ3HCqXz8NlH4gOrK3NNc9vPuw==",
      "deprecated": "replaced by i18next-http-backend"
    },
    "node_modules/jquery": {
      "version": "2.2.4",
      "resolved": "https://registry.npmjs.org/jquery/-/jquery-2.2.4.tgz",
      "integrity": "sha512-lBHj60ezci2u1v2FqnZIraShGgEXq35qCzMv4lITyHGppTnA13rwR0MgwyNJh9TnDs3aXUvd1xjAotfraMHX/Q=="
    },
    "node_modules/jschannel": {
      "version": "1.0.0",
      "resolved": "git+ssh://git@github.com/yochannah/jschannel.git#f2bcb860911d36ccbc3fabd4a09f7074dd9f289e",
      "license": "LGPL"
    },
    "node_modules/mkdirp": {
      "version": "0.3.0",
      "resolved": "https://registry.npmjs.org/mkdirp/-/mkdirp-0.3.0.tgz",
      "integrity": "sha512-OHsdUcVAQ6pOtg5JYWpCBo9W/GySVuwvP9hueRMW7UqshC0tbfzLv8wjySTPm3tfUZ/21CE9E1pJagOA91Pxew==",
      "deprecated": "Legacy versions of mkdirp are no longer supported. Please update to mkdirp 1.x. (Note that the API surface has changed to use Promises in 1.x.)",
      "engines": {
        "node": "*"
      }
    },
    "node_modules/ng-i18next": {
      "version": "1.0.7",
      "resolved": "https://registry.npmjs.org/ng-i18next/-/ng-i18next-1.0.7.tgz",
      "integrity": "sha512-eLEAvxi50w05wJdVxlkEF61mIQmhBSn8xhE+9a2y4nkpyJAUf7TTpA9SrID21UYdZQIIyWYoMie+QemRhRnGtw==",
      "peerDependencies": {
        "angular": ">=1.6.0",
        "i18next": ">=10.0.0"
      }
    },
    "node_modules/nopt": {
      "version": "1.0.10",
      "resolved": "https://registry.npmjs.org/nopt/-/nopt-1.0.10.tgz",
      "integrity": "sha512-NWmpvLSqUrgrAC9HCuxEvb+PSloHpqVu+FqcO4eeF2h5qYRhA7ev6KvelyQAKtegUbC6RypJnlEOhd8vloNKYg==",
      "dependencies": {
        "abbrev": "1"
      },
      "bin": {
        "nopt": "bin/nopt.js"
      },
      "engines": {
        "node": "*"
      }
    },
    "node_modules/pem-platform": {
      "resolved": "git+ssh://git@github.com/France-ioi/pem-platform.git#e12f14369cea0ad9524020801bd08daf75762c8b",
      "license": "MIT",
      "dependencies": {
        "jquery": "*",
        "jschannel": "*"
      }
    },
    "node_modules/regenerator-runtime": {
      "version": "0.14.1",
      "resolved": "https://registry.npmjs.org/regenerator-runtime/-/regenerator-runtime-0.14.1.tgz",
      "integrity": "sha512-dYnhHh0nJoMfnkZs6GmmhFknAGRrLznOu5nc9ML+EJxGvrx6H7teuevqVqCuPcPK//3eDrrjQhehXVx9cnkGdw==",
      "peer": true
    }
  },
  "dependencies": {
    "@babel/runtime": {
      "version": "7.25.6",
      "resolved": "https://registry.npmjs.org/@babel/runtime/-/runtime-7.25.6.tgz",
      "integrity": "sha512-VBj9MYyDb9tuLq7yzqjgzt6Q+IBQLrGZfdjOekyEirZPHxXWoTSGUTMrpsfi58Up73d13NfYLv8HT9vmznjzhQ==",
      "peer": true,
      "requires": {
        "regenerator-runtime": "^0.14.0"
      }
    },
    "abbrev": {
      "version": "1.1.1",
      "resolved": "https://registry.npmjs.org/abbrev/-/abbrev-1.1.1.tgz",
      "integrity": "sha512-nne9/IiQ/hzIhY6pdDnbBtz7DjPTKrY00P/zvPSm5pOFkl6xuGrGnXn/VtTNNfNtAfZ9/1RtehkszU9qcTii0Q=="
    },
    "angular": {
      "version": "1.8.3",
      "resolved": "https://registry.npmjs.org/angular/-/angular-1.8.3.tgz",
      "integrity": "sha512-5qjkWIQQVsHj4Sb5TcEs4WZWpFeVFHXwxEBHUhrny41D8UrBAd6T/6nPPAsLngJCReIOqi95W3mxdveveutpZw=="
    },
    "angular-sanitize": {
      "version": "1.8.3",
      "resolved": "https://registry.npmjs.org/angular-sanitize/-/angular-sanitize-1.8.3.tgz",
      "integrity": "sha512-2rxdqzlUVafUeWOwvY/FtyWk1pFTyCtzreeiTytG9m4smpuAEKaIJAjYeVwWsoV+nlTOcgpwV4W1OCmR+BQbUg=="
    },
    "bootstrap": {
      "version": "3.4.1",
      "resolved": "https://registry.npmjs.org/bootstrap/-/bootstrap-3.4.1.tgz",
      "integrity": "sha512-yN5oZVmRCwe5aKwzRj6736nSmKDX7pLYwsXiCj/EYmo16hODaBiT4En5btW/jhBF/seV+XMx3aYwukYC3A49DA=="
    },
    "diff": {
      "version": "5.1.0",
      "resolved": "https://registry.npmjs.org/diff/-/diff-5.1.0.tgz",
      "integrity": "sha512-D+mk+qE8VC/PAUrlAU34N+VfXev0ghe5ywmpqrawphmVZc1bEfn56uo9qpyGp1p4xpzOHkSW4ztBd6L7Xx4ACw=="
    },
    "diff2html": {
      "version": "3.4.48",
      "resolved": "https://registry.npmjs.org/diff2html/-/diff2html-3.4.48.tgz",
      "integrity": "sha512-1lzNSg0G0VPKZPTyi4knzV2nAWTXBy/QaWCKzDto6iEIlcuOJEG0li4bElJfpHNz+pBqPu4AcC1i9ZCo9KMUOg==",
      "requires": {
        "diff": "5.1.0",
        "highlight.js": "11.9.0",
        "hogan.js": "3.0.2"
      },
      "dependencies": {
        "highlight.js": {
          "version": "11.9.0",
          "resolved": "https://registry.npmjs.org/highlight.js/-/highlight.js-11.9.0.tgz",
          "integrity": "sha512-fJ7cW7fQGCYAkgv4CPfwFHrfd/cLS4Hau96JuJ+ZTOWhjnhoeN1ub1tFmALm/+lW5z4WCAuAV9bm05AP0mS6Gw==",
          "optional": true
        }
      }
    },
    "fontawesome-free": {
      "version": "1.0.4",
      "resolved": "https://registry.npmjs.org/fontawesome-free/-/fontawesome-free-1.0.4.tgz",
      "integrity": "sha512-7sX6Lbg2oQiClFFFFitJlKg20h3YTBON6rdmq3uGjNwDo8G6EjF2bfj2OjjcCUmf4OvZCgyHaXfW2JseqissLw=="
    },
    "highlight.js": {
      "version": "11.10.0",
      "resolved": "https://registry.npmjs.org/highlight.js/-/highlight.js-11.10.0.tgz",
      "integrity": "sha512-SYVnVFswQER+zu1laSya563s+F8VDGt7o35d4utbamowvUNLLMovFqwCLSocpZTz3MgaSRA1IbqRWZv97dtErQ=="
    },
    "hogan.js": {
      "version": "3.0.2",
      "resolved": "https://registry.npmjs.org/hogan.js/-/hogan.js-3.0.2.tgz",
      "integrity": "sha512-RqGs4wavGYJWE07t35JQccByczmNUXQT0E12ZYV1VKYu5UiAU9lsos/yBAcf840+zrUQQxgVduCR5/B8nNtibg==",
      "requires": {
        "mkdirp": "0.3.0",
        "nopt": "1.0.10"
      }
    },
    "i18next": {
      "version": "23.15.1",
      "resolved": "https://registry.npmjs.org/i18next/-/i18next-23.15.1.tgz",
      "integrity": "sha512-wB4abZ3uK7EWodYisHl/asf8UYEhrI/vj/8aoSsrj/ZDxj4/UXPOa1KvFt1Fq5hkUHquNqwFlDprmjZ8iySgYA==",
      "peer": true,
      "requires": {
        "@babel/runtime": "^7.23.2"
      }
    },
    "i18next-xhr-backend": {
      "version": "1.5.1",
      "resolved": "https://registry.npmjs.org/i18next-xhr-backend/-/i18next-xhr-backend-1.5.1.tgz",
      "integrity": "sha512-9OLdC/9YxDvTFcgsH5t2BHCODHEotHCa6h7Ly0EUlUC7Y2GS09UeoHOGj3gWKQ3HCqXz8NlH4gOrK3NNc9vPuw=="
    },
    "jquery": {
      "version": "2.2.4",
      "resolved": "https://registry.npmjs.org/jquery/-/jquery-2.2.4.tgz",
      "integrity": "sha512-lBHj60ezci2u1v2FqnZIraShGgEXq35qCzMv4lITyHGppTnA13rwR0MgwyNJh9TnDs3aXUvd1xjAotfraMHX/Q=="
    },
    "jschannel": {
      "version": "git+ssh://git@github.com/yochannah/jschannel.git#f2bcb860911d36ccbc3fabd4a09f7074dd9f289e",
      "from": "jschannel@github:yochannah/jschannel#f2bcb86"
    },
    "mkdirp": {
      "version": "0.3.0",
      "resolved": "https://registry.npmjs.org/mkdirp/-/mkdirp-0.3.0.tgz",
      "integrity": "sha512-OHsdUcVAQ6pOtg5JYWpCBo9W/GySVuwvP9hueRMW7UqshC0tbfzLv8wjySTPm3tfUZ/21CE9E1pJagOA91Pxew=="
    },
    "ng-i18next": {
      "version": "1.0.7",
      "resolved": "https://registry.npmjs.org/ng-i18next/-/ng-i18next-1.0.7.tgz",
      "integrity": "sha512-eLEAvxi50w05wJdVxlkEF61mIQmhBSn8xhE+9a2y4nkpyJAUf7TTpA9SrID21UYdZQIIyWYoMie+QemRhRnGtw==",
      "requires": {}
    },
    "nopt": {
      "version": "1.0.10",
      "resolved": "https://registry.npmjs.org/nopt/-/nopt-1.0.10.tgz",
      "integrity": "sha512-NWmpvLSqUrgrAC9HCuxEvb+PSloHpqVu+FqcO4eeF2h5qYRhA7ev6KvelyQAKtegUbC6RypJnlEOhd8vloNKYg==",
      "requires": {
        "abbrev": "1"
      }
    },
    "pem-platform": {
      "version": "git+ssh://git@github.com/France-ioi/pem-platform.git#e12f14369cea0ad9524020801bd08daf75762c8b",
      "from": "pem-platform@github:France-ioi/pem-platform",
      "requires": {
        "jquery": "*",
        "jschannel": "*"
      }
    },
    "regenerator-runtime": {
      "version": "0.14.1",
      "resolved": "https://registry.npmjs.org/regenerator-runtime/-/regenerator-runtime-0.14.1.tgz",
      "integrity": "sha512-dYnhHh0nJoMfnkZs6GmmhFknAGRrLznOu5nc9ML+EJxGvrx6H7teuevqVqCuPcPK//3eDrrjQhehXVx9cnkGdw==",
      "peer": true
    }
  }
}
